
Microsoft Visual Studio Solution File, Format Version 12.00
# Visual Studio Version 17
VisualStudioVersion = 17.7.34009.444
MinimumVisualStudioVersion = 10.0.40219.1
Project("{8BC9CEB8-8B4A-11D0-8D11-00A0C91BC942}") = "grid-cell", "grid-cell.vcxproj", "{F5C39822-BEFF-4C85-ADAC-F4E345BF44AF}"
EndProject
Global
	GlobalSection(SolutionConfigurationPlatforms) = preSolution
		Debug|x64 = Debug|x64
		Debug|x86 = Debug|x86
		Release|x64 = Release|x64
		Release|x86 = Release|x86
	EndGlobalSection
	GlobalSection(ProjectConfigurationPlatforms) = postSolution
		{F5C39822-BEFF-4C85-ADAC-F4E345BF44AF}.Debug|x64.ActiveCfg = Debug|x64
		{F5C39822-BEFF-4C85-ADAC-F4E345BF44AF}.Debug|x64.Build.0 = Debug|x64
		{F5C39822-BEFF-4C85-ADAC-F4E345BF44AF}.Debug|x86.ActiveCfg = Debug|Win32
		{F5C39822-BEFF-4C85-ADAC-F4E345BF44AF}.Debug|x86.Build.0 = Debug|Win32
		{F5C39822-BEFF-4C85-ADAC-F4E345BF44AF}.Release|x64.ActiveCfg = Release|x64
		{F5C39822-BEFF-4C85-ADAC-F4E345BF44AF}.Release|x64.Build.0 = Release|x64
		{F5C39822-BEFF-4C85-ADAC-F4E345BF44AF}.Release|x86.ActiveCfg = Release|Win32
		{F5C39822-BEFF-4C85-ADAC-F4E345BF44AF}.Release|x86.Build.0 = Release|Win32
	EndGlobalSection
	GlobalSection(SolutionProperties) = preSolution
		HideSolutionNode = FALSE
	EndGlobalSection
	GlobalSection(ExtensibilityGlobals) = postSolution
		SolutionGuid = {683588A7-2034-4974-958D-BD77416D083F}
	EndGlobalSection
EndGlobal
